
Microsoft Visual Studio Solution File, Format Version 12.00
# Visual Studio 2012
Project("{FAE04EC0-301F-11D3-BF4B-00C04F79EFBC}") = "HapSharp.Host", "HapSharp.Host\HapSharp.Host.csproj", "{235C22F7-4738-4C12-99F0-0D2F25F0E8C7}"
EndProject
Project("{FAE04EC0-301F-11D3-BF4B-00C04F79EFBC}") = "HapSharp.Host.Core", "HapSharp.Host.Core\HapSharp.Host.Core.csproj", "{57B7FD9C-946A-44C0-AA79-E2E5838CC38F}"
EndProject
Project("{FAE04EC0-301F-11D3-BF4B-00C04F79EFBC}") = "HapSharp.Host.Broker", "HapSharp.Host.Broker\HapSharp.Host.Broker.csproj", "{3437A0A7-360F-47AA-91A5-FF09D9A9F32D}"
EndProject
Project("{2150E333-8FDC-42A3-9474-1A3956D46DE8}") = "Examples", "Examples", "{32A18EF2-8F0E-4B1B-85D9-1FD90183609F}"
EndProject
Project("{FAE04EC0-301F-11D3-BF4B-00C04F79EFBC}") = "HapSharp.Accessories.HumidityExample", "HapSharp.Accessories.HumidityExample\HapSharp.Accessories.HumidityExample.csproj", "{B7013675-93E3-4196-897A-CD93404FE51F}"
EndProject
Project("{2150E333-8FDC-42A3-9474-1A3956D46DE8}") = "Broker", "Broker", "{648A0B40-EA1A-4672-B645-05D4CF4B7101}"
EndProject
Project("{FAE04EC0-301F-11D3-BF4B-00C04F79EFBC}") = "HapSharp.Host.Raspbian", "HapSharp.Host.Raspbian\HapSharp.Host.Raspbian.csproj", "{8F1A4CAC-D493-44BD-A85F-C32461AE3A8A}"
EndProject
Project("{FAE04EC0-301F-11D3-BF4B-00C04F79EFBC}") = "HapSharp.Host.Console", "HapSharp.Host.Console\HapSharp.Host.Console.csproj", "{74DC410E-D3E6-4DEE-9474-84E34CDA6E9E}"
EndProject
Project("{D954291E-2A0B-460D-934E-DC6B0785DB48}") = "HapSharp.Host.Shared", "HapSharp.Host.Shared\HapSharp.Host.Shared.shproj", "{F6CC4DBC-6C42-4BF0-9910-4F5FD26E8D6C}"
EndProject
Project("{2150E333-8FDC-42A3-9474-1A3956D46DE8}") = "External", "External", "{A002554D-747D-4BE8-A890-B70C555CF253}"
EndProject
Project("{FAE04EC0-301F-11D3-BF4B-00C04F79EFBC}") = "M2Mqtt.Net", "external\paho.mqtt.m2mqtt\M2Mqtt\M2Mqtt.Net.csproj", "{A11AEF5A-B246-4FE8-8330-06DB73CC8074}"
EndProject
Global
	GlobalSection(SolutionConfigurationPlatforms) = preSolution
		Debug|x86 = Debug|x86
		Release|x86 = Release|x86
		Package|Any CPU = Package|Any CPU
		Debug|iPhoneSimulator = Debug|iPhoneSimulator
		Release|iPhone = Release|iPhone
		Release|iPhoneSimulator = Release|iPhoneSimulator
		Debug|iPhone = Debug|iPhone
	EndGlobalSection
	GlobalSection(ProjectConfigurationPlatforms) = postSolution
		{235C22F7-4738-4C12-99F0-0D2F25F0E8C7}.Debug|x86.ActiveCfg = Debug|x86
		{235C22F7-4738-4C12-99F0-0D2F25F0E8C7}.Debug|x86.Build.0 = Debug|x86
		{235C22F7-4738-4C12-99F0-0D2F25F0E8C7}.Release|x86.ActiveCfg = Release|x86
		{235C22F7-4738-4C12-99F0-0D2F25F0E8C7}.Release|x86.Build.0 = Release|x86
		{235C22F7-4738-4C12-99F0-0D2F25F0E8C7}.Package|Any CPU.ActiveCfg = Debug|x86
		{235C22F7-4738-4C12-99F0-0D2F25F0E8C7}.Package|Any CPU.Build.0 = Debug|x86
		{235C22F7-4738-4C12-99F0-0D2F25F0E8C7}.Debug|iPhoneSimulator.ActiveCfg = Debug|x86
		{235C22F7-4738-4C12-99F0-0D2F25F0E8C7}.Debug|iPhoneSimulator.Build.0 = Debug|x86
		{235C22F7-4738-4C12-99F0-0D2F25F0E8C7}.Release|iPhone.ActiveCfg = Release|x86
		{235C22F7-4738-4C12-99F0-0D2F25F0E8C7}.Release|iPhone.Build.0 = Release|x86
		{235C22F7-4738-4C12-99F0-0D2F25F0E8C7}.Release|iPhoneSimulator.ActiveCfg = Release|x86
		{235C22F7-4738-4C12-99F0-0D2F25F0E8C7}.Release|iPhoneSimulator.Build.0 = Release|x86
		{235C22F7-4738-4C12-99F0-0D2F25F0E8C7}.Debug|iPhone.ActiveCfg = Debug|x86
		{235C22F7-4738-4C12-99F0-0D2F25F0E8C7}.Debug|iPhone.Build.0 = Debug|x86
		{57B7FD9C-946A-44C0-AA79-E2E5838CC38F}.Debug|x86.ActiveCfg = Debug|Any CPU
		{57B7FD9C-946A-44C0-AA79-E2E5838CC38F}.Debug|x86.Build.0 = Debug|Any CPU
		{57B7FD9C-946A-44C0-AA79-E2E5838CC38F}.Release|x86.ActiveCfg = Release|Any CPU
		{57B7FD9C-946A-44C0-AA79-E2E5838CC38F}.Release|x86.Build.0 = Release|Any CPU
		{57B7FD9C-946A-44C0-AA79-E2E5838CC38F}.Package|Any CPU.ActiveCfg = Debug|Any CPU
		{57B7FD9C-946A-44C0-AA79-E2E5838CC38F}.Package|Any CPU.Build.0 = Debug|Any CPU
		{57B7FD9C-946A-44C0-AA79-E2E5838CC38F}.Debug|iPhoneSimulator.ActiveCfg = Debug|Any CPU
		{57B7FD9C-946A-44C0-AA79-E2E5838CC38F}.Debug|iPhoneSimulator.Build.0 = Debug|Any CPU
		{57B7FD9C-946A-44C0-AA79-E2E5838CC38F}.Release|iPhone.ActiveCfg = Release|Any CPU
		{57B7FD9C-946A-44C0-AA79-E2E5838CC38F}.Release|iPhone.Build.0 = Release|Any CPU
		{57B7FD9C-946A-44C0-AA79-E2E5838CC38F}.Release|iPhoneSimulator.ActiveCfg = Release|Any CPU
		{57B7FD9C-946A-44C0-AA79-E2E5838CC38F}.Release|iPhoneSimulator.Build.0 = Release|Any CPU
		{57B7FD9C-946A-44C0-AA79-E2E5838CC38F}.Debug|iPhone.ActiveCfg = Debug|Any CPU
		{57B7FD9C-946A-44C0-AA79-E2E5838CC38F}.Debug|iPhone.Build.0 = Debug|Any CPU
		{3437A0A7-360F-47AA-91A5-FF09D9A9F32D}.Debug|x86.ActiveCfg = Debug|x86
		{3437A0A7-360F-47AA-91A5-FF09D9A9F32D}.Debug|x86.Build.0 = Debug|x86
		{3437A0A7-360F-47AA-91A5-FF09D9A9F32D}.Release|x86.ActiveCfg = Release|x86
		{3437A0A7-360F-47AA-91A5-FF09D9A9F32D}.Release|x86.Build.0 = Release|x86
		{3437A0A7-360F-47AA-91A5-FF09D9A9F32D}.Package|Any CPU.ActiveCfg = Debug|x86
		{3437A0A7-360F-47AA-91A5-FF09D9A9F32D}.Debug|iPhoneSimulator.ActiveCfg = Debug|x86
		{3437A0A7-360F-47AA-91A5-FF09D9A9F32D}.Debug|iPhoneSimulator.Build.0 = Debug|x86
		{3437A0A7-360F-47AA-91A5-FF09D9A9F32D}.Release|iPhone.ActiveCfg = Release|x86
		{3437A0A7-360F-47AA-91A5-FF09D9A9F32D}.Release|iPhone.Build.0 = Release|x86
		{3437A0A7-360F-47AA-91A5-FF09D9A9F32D}.Release|iPhoneSimulator.ActiveCfg = Release|x86
		{3437A0A7-360F-47AA-91A5-FF09D9A9F32D}.Release|iPhoneSimulator.Build.0 = Release|x86
		{3437A0A7-360F-47AA-91A5-FF09D9A9F32D}.Debug|iPhone.ActiveCfg = Debug|x86
		{3437A0A7-360F-47AA-91A5-FF09D9A9F32D}.Debug|iPhone.Build.0 = Debug|x86
		{B7013675-93E3-4196-897A-CD93404FE51F}.Debug|x86.ActiveCfg = Debug|Any CPU
		{B7013675-93E3-4196-897A-CD93404FE51F}.Debug|x86.Build.0 = Debug|Any CPU
		{B7013675-93E3-4196-897A-CD93404FE51F}.Release|x86.ActiveCfg = Release|Any CPU
		{B7013675-93E3-4196-897A-CD93404FE51F}.Release|x86.Build.0 = Release|Any CPU
		{B7013675-93E3-4196-897A-CD93404FE51F}.Package|Any CPU.ActiveCfg = Debug|Any CPU
		{B7013675-93E3-4196-897A-CD93404FE51F}.Package|Any CPU.Build.0 = Debug|Any CPU
		{B7013675-93E3-4196-897A-CD93404FE51F}.Debug|iPhoneSimulator.ActiveCfg = Debug|Any CPU
		{B7013675-93E3-4196-897A-CD93404FE51F}.Debug|iPhoneSimulator.Build.0 = Debug|Any CPU
		{B7013675-93E3-4196-897A-CD93404FE51F}.Release|iPhone.ActiveCfg = Release|Any CPU
		{B7013675-93E3-4196-897A-CD93404FE51F}.Release|iPhone.Build.0 = Release|Any CPU
		{B7013675-93E3-4196-897A-CD93404FE51F}.Release|iPhoneSimulator.ActiveCfg = Release|Any CPU
		{B7013675-93E3-4196-897A-CD93404FE51F}.Release|iPhoneSimulator.Build.0 = Release|Any CPU
		{B7013675-93E3-4196-897A-CD93404FE51F}.Debug|iPhone.ActiveCfg = Debug|Any CPU
		{B7013675-93E3-4196-897A-CD93404FE51F}.Debug|iPhone.Build.0 = Debug|Any CPU
		{8F1A4CAC-D493-44BD-A85F-C32461AE3A8A}.Debug|x86.ActiveCfg = Debug|Any CPU
		{8F1A4CAC-D493-44BD-A85F-C32461AE3A8A}.Debug|x86.Build.0 = Debug|Any CPU
		{8F1A4CAC-D493-44BD-A85F-C32461AE3A8A}.Release|x86.ActiveCfg = Release|Any CPU
		{8F1A4CAC-D493-44BD-A85F-C32461AE3A8A}.Release|x86.Build.0 = Release|Any CPU
		{8F1A4CAC-D493-44BD-A85F-C32461AE3A8A}.Package|Any CPU.ActiveCfg = Debug|Any CPU
		{8F1A4CAC-D493-44BD-A85F-C32461AE3A8A}.Debug|iPhoneSimulator.ActiveCfg = Debug|Any CPU
		{8F1A4CAC-D493-44BD-A85F-C32461AE3A8A}.Debug|iPhoneSimulator.Build.0 = Debug|Any CPU
		{8F1A4CAC-D493-44BD-A85F-C32461AE3A8A}.Release|iPhone.ActiveCfg = Release|Any CPU
		{8F1A4CAC-D493-44BD-A85F-C32461AE3A8A}.Release|iPhone.Build.0 = Release|Any CPU
		{8F1A4CAC-D493-44BD-A85F-C32461AE3A8A}.Release|iPhoneSimulator.ActiveCfg = Release|Any CPU
		{8F1A4CAC-D493-44BD-A85F-C32461AE3A8A}.Release|iPhoneSimulator.Build.0 = Release|Any CPU
		{8F1A4CAC-D493-44BD-A85F-C32461AE3A8A}.Debug|iPhone.ActiveCfg = Debug|Any CPU
		{8F1A4CAC-D493-44BD-A85F-C32461AE3A8A}.Debug|iPhone.Build.0 = Debug|Any CPU
		{74DC410E-D3E6-4DEE-9474-84E34CDA6E9E}.Debug|x86.ActiveCfg = Debug|x86
		{74DC410E-D3E6-4DEE-9474-84E34CDA6E9E}.Debug|x86.Build.0 = Debug|x86
		{74DC410E-D3E6-4DEE-9474-84E34CDA6E9E}.Release|x86.ActiveCfg = Release|x86
		{74DC410E-D3E6-4DEE-9474-84E34CDA6E9E}.Release|x86.Build.0 = Release|x86
		{74DC410E-D3E6-4DEE-9474-84E34CDA6E9E}.Package|Any CPU.ActiveCfg = Debug|x86
		{74DC410E-D3E6-4DEE-9474-84E34CDA6E9E}.Debug|iPhoneSimulator.ActiveCfg = Debug|x86
		{74DC410E-D3E6-4DEE-9474-84E34CDA6E9E}.Debug|iPhoneSimulator.Build.0 = Debug|x86
		{74DC410E-D3E6-4DEE-9474-84E34CDA6E9E}.Release|iPhone.ActiveCfg = Release|x86
		{74DC410E-D3E6-4DEE-9474-84E34CDA6E9E}.Release|iPhone.Build.0 = Release|x86
		{74DC410E-D3E6-4DEE-9474-84E34CDA6E9E}.Release|iPhoneSimulator.ActiveCfg = Release|x86
		{74DC410E-D3E6-4DEE-9474-84E34CDA6E9E}.Release|iPhoneSimulator.Build.0 = Release|x86
		{74DC410E-D3E6-4DEE-9474-84E34CDA6E9E}.Debug|iPhone.ActiveCfg = Debug|x86
		{74DC410E-D3E6-4DEE-9474-84E34CDA6E9E}.Debug|iPhone.Build.0 = Debug|x86
		{A11AEF5A-B246-4FE8-8330-06DB73CC8074}.Debug|x86.ActiveCfg = Debug|Any CPU
		{A11AEF5A-B246-4FE8-8330-06DB73CC8074}.Debug|x86.Build.0 = Debug|Any CPU
		{A11AEF5A-B246-4FE8-8330-06DB73CC8074}.Release|x86.ActiveCfg = Release|Any CPU
		{A11AEF5A-B246-4FE8-8330-06DB73CC8074}.Release|x86.Build.0 = Release|Any CPU
		{A11AEF5A-B246-4FE8-8330-06DB73CC8074}.Package|Any CPU.ActiveCfg = Debug|Any CPU
		{A11AEF5A-B246-4FE8-8330-06DB73CC8074}.Package|Any CPU.Build.0 = Debug|Any CPU
		{A11AEF5A-B246-4FE8-8330-06DB73CC8074}.Debug|iPhoneSimulator.ActiveCfg = Debug|Any CPU
		{A11AEF5A-B246-4FE8-8330-06DB73CC8074}.Debug|iPhoneSimulator.Build.0 = Debug|Any CPU
		{A11AEF5A-B246-4FE8-8330-06DB73CC8074}.Release|iPhone.ActiveCfg = Release|Any CPU
		{A11AEF5A-B246-4FE8-8330-06DB73CC8074}.Release|iPhone.Build.0 = Release|Any CPU
		{A11AEF5A-B246-4FE8-8330-06DB73CC8074}.Release|iPhoneSimulator.ActiveCfg = Release|Any CPU
		{A11AEF5A-B246-4FE8-8330-06DB73CC8074}.Release|iPhoneSimulator.Build.0 = Release|Any CPU
		{A11AEF5A-B246-4FE8-8330-06DB73CC8074}.Debug|iPhone.ActiveCfg = Debug|Any CPU
		{A11AEF5A-B246-4FE8-8330-06DB73CC8074}.Debug|iPhone.Build.0 = Debug|Any CPU
	EndGlobalSection
	GlobalSection(MonoDevelopProperties) = preSolution
		Policies = $0
		$0.DotNetNamingPolicy = $1
		$1.DirectoryNamespaceAssociation = PrefixedHierarchical
		version = 0.7
	EndGlobalSection
	GlobalSection(NestedProjects) = preSolution
		{8F1A4CAC-D493-44BD-A85F-C32461AE3A8A} = {32A18EF2-8F0E-4B1B-85D9-1FD90183609F}
		{3437A0A7-360F-47AA-91A5-FF09D9A9F32D} = {648A0B40-EA1A-4672-B645-05D4CF4B7101}
		{74DC410E-D3E6-4DEE-9474-84E34CDA6E9E} = {32A18EF2-8F0E-4B1B-85D9-1FD90183609F}
		{F6CC4DBC-6C42-4BF0-9910-4F5FD26E8D6C} = {32A18EF2-8F0E-4B1B-85D9-1FD90183609F}
		{A11AEF5A-B246-4FE8-8330-06DB73CC8074} = {A002554D-747D-4BE8-A890-B70C555CF253}
	EndGlobalSection
EndGlobal
